// !$*UTF8*$!
{
	archiveVersion = 1;
	classes = {
	};
	objectVersion = 50;
	objects = {

/* Begin PBXBuildFile section */
		B3A55E112412524500121656 /* AppDelegate.swift in Sources */ = {isa = PBXBuildFile; fileRef = B3A55E102412524500121656 /* AppDelegate.swift */; };
		B3A55E132412524500121656 /* SceneDelegate.swift in Sources */ = {isa = PBXBuildFile; fileRef = B3A55E122412524500121656 /* SceneDelegate.swift */; };
		B3A55E182412524500121656 /* Main.storyboard in Resources */ = {isa = PBXBuildFile; fileRef = B3A55E162412524500121656 /* Main.storyboard */; };
		B3A55E1A2412524700121656 /* Assets.xcassets in Resources */ = {isa = PBXBuildFile; fileRef = B3A55E192412524700121656 /* Assets.xcassets */; };
		B3A55E1D2412524700121656 /* LaunchScreen.storyboard in Resources */ = {isa = PBXBuildFile; fileRef = B3A55E1B2412524700121656 /* LaunchScreen.storyboard */; };
		B3A55E282412524700121656 /* EngineeringAiTaskTests.swift in Sources */ = {isa = PBXBuildFile; fileRef = B3A55E272412524700121656 /* EngineeringAiTaskTests.swift */; };
		B3A55E332412524700121656 /* EngineeringAiTaskUITests.swift in Sources */ = {isa = PBXBuildFile; fileRef = B3A55E322412524700121656 /* EngineeringAiTaskUITests.swift */; };
		B3A55E432412532E00121656 /* PostsViewController.swift in Sources */ = {isa = PBXBuildFile; fileRef = B3A55E422412532E00121656 /* PostsViewController.swift */; };
		B3A55E462412535500121656 /* PostsCell.swift in Sources */ = {isa = PBXBuildFile; fileRef = B3A55E442412535500121656 /* PostsCell.swift */; };
		B3A55E472412535500121656 /* PostsCell.xib in Resources */ = {isa = PBXBuildFile; fileRef = B3A55E452412535500121656 /* PostsCell.xib */; };
		B3A55E4A2412548600121656 /* ServiceManager.swift in Sources */ = {isa = PBXBuildFile; fileRef = B3A55E492412548600121656 /* ServiceManager.swift */; };
		B3A55E4D2412558A00121656 /* AppConstants.swift in Sources */ = {isa = PBXBuildFile; fileRef = B3A55E4C2412558A00121656 /* AppConstants.swift */; };
		B3A55E502412587600121656 /* Reachability.swift in Sources */ = {isa = PBXBuildFile; fileRef = B3A55E4F2412587600121656 /* Reachability.swift */; };
		B3A55E522412588900121656 /* NetworkManager.swift in Sources */ = {isa = PBXBuildFile; fileRef = B3A55E512412588900121656 /* NetworkManager.swift */; };
		B3A55E5524125A6500121656 /* PostsViewModel.swift in Sources */ = {isa = PBXBuildFile; fileRef = B3A55E5424125A6500121656 /* PostsViewModel.swift */; };
		B3A55E5824125B8100121656 /* PostsModel.swift in Sources */ = {isa = PBXBuildFile; fileRef = B3A55E5724125B8100121656 /* PostsModel.swift */; };
		B3A55E5A24125E0B00121656 /* Helper.swift in Sources */ = {isa = PBXBuildFile; fileRef = B3A55E5924125E0B00121656 /* Helper.swift */; };
		B3A55E5D2412697600121656 /* ActivityIndicator.swift in Sources */ = {isa = PBXBuildFile; fileRef = B3A55E5C2412697600121656 /* ActivityIndicator.swift */; };
		B3A55E5F24126A5D00121656 /* RefreshControl.swift in Sources */ = {isa = PBXBuildFile; fileRef = B3A55E5E24126A5D00121656 /* RefreshControl.swift */; };
/* End PBXBuildFile section */

/* Begin PBXContainerItemProxy section */
		B3A55E242412524700121656 /* PBXContainerItemProxy */ = {
			isa = PBXContainerItemProxy;
			containerPortal = B3A55E052412524500121656 /* Project object */;
			proxyType = 1;
			remoteGlobalIDString = B3A55E0C2412524500121656;
			remoteInfo = EngineeringAiTask;
		};
		B3A55E2F2412524700121656 /* PBXContainerItemProxy */ = {
			isa = PBXContainerItemProxy;
			containerPortal = B3A55E052412524500121656 /* Project object */;
			proxyType = 1;
			remoteGlobalIDString = B3A55E0C2412524500121656;
			remoteInfo = EngineeringAiTask;
		};
/* End PBXContainerItemProxy section */

/* Begin PBXFileReference section */
		B3A55E0D2412524500121656 /* EngineeringAiTask.app */ = {isa = PBXFileReference; explicitFileType = wrapper.application; includeInIndex = 0; path = EngineeringAiTask.app; sourceTree = BUILT_PRODUCTS_DIR; };
		B3A55E102412524500121656 /* AppDelegate.swift */ = {isa = PBXFileReference; lastKnownFileType = sourcecode.swift; path = AppDelegate.swift; sourceTree = "<group>"; };
		B3A55E122412524500121656 /* SceneDelegate.swift */ = {isa = PBXFileReference; lastKnownFileType = sourcecode.swift; path = SceneDelegate.swift; sourceTree = "<group>"; };
		B3A55E172412524500121656 /* Base */ = {isa = PBXFileReference; lastKnownFileType = file.storyboard; name = Base; path = Base.lproj/Main.storyboard; sourceTree = "<group>"; };
		B3A55E192412524700121656 /* Assets.xcassets */ = {isa = PBXFileReference; lastKnownFileType = folder.assetcatalog; path = Assets.xcassets; sourceTree = "<group>"; };
		B3A55E1C2412524700121656 /* Base */ = {isa = PBXFileReference; lastKnownFileType = file.storyboard; name = Base; path = Base.lproj/LaunchScreen.storyboard; sourceTree = "<group>"; };
		B3A55E1E2412524700121656 /* Info.plist */ = {isa = PBXFileReference; lastKnownFileType = text.plist.xml; path = Info.plist; sourceTree = "<group>"; };
		B3A55E232412524700121656 /* EngineeringAiTaskTests.xctest */ = {isa = PBXFileReference; explicitFileType = wrapper.cfbundle; includeInIndex = 0; path = EngineeringAiTaskTests.xctest; sourceTree = BUILT_PRODUCTS_DIR; };
		B3A55E272412524700121656 /* EngineeringAiTaskTests.swift */ = {isa = PBXFileReference; lastKnownFileType = sourcecode.swift; path = EngineeringAiTaskTests.swift; sourceTree = "<group>"; };
		B3A55E292412524700121656 /* Info.plist */ = {isa = PBXFileReference; lastKnownFileType = text.plist.xml; path = Info.plist; sourceTree = "<group>"; };
		B3A55E2E2412524700121656 /* EngineeringAiTaskUITests.xctest */ = {isa = PBXFileReference; explicitFileType = wrapper.cfbundle; includeInIndex = 0; path = EngineeringAiTaskUITests.xctest; sourceTree = BUILT_PRODUCTS_DIR; };
		B3A55E322412524700121656 /* EngineeringAiTaskUITests.swift */ = {isa = PBXFileReference; lastKnownFileType = sourcecode.swift; path = EngineeringAiTaskUITests.swift; sourceTree = "<group>"; };
		B3A55E342412524700121656 /* Info.plist */ = {isa = PBXFileReference; lastKnownFileType = text.plist.xml; path = Info.plist; sourceTree = "<group>"; };
		B3A55E422412532E00121656 /* PostsViewController.swift */ = {isa = PBXFileReference; lastKnownFileType = sourcecode.swift; path = PostsViewController.swift; sourceTree = "<group>"; };
		B3A55E442412535500121656 /* PostsCell.swift */ = {isa = PBXFileReference; lastKnownFileType = sourcecode.swift; path = PostsCell.swift; sourceTree = "<group>"; };
		B3A55E452412535500121656 /* PostsCell.xib */ = {isa = PBXFileReference; lastKnownFileType = file.xib; path = PostsCell.xib; sourceTree = "<group>"; };
		B3A55E492412548600121656 /* ServiceManager.swift */ = {isa = PBXFileReference; lastKnownFileType = sourcecode.swift; path = ServiceManager.swift; sourceTree = "<group>"; };
		B3A55E4C2412558A00121656 /* AppConstants.swift */ = {isa = PBXFileReference; lastKnownFileType = sourcecode.swift; path = AppConstants.swift; sourceTree = "<group>"; };
		B3A55E4F2412587600121656 /* Reachability.swift */ = {isa = PBXFileReference; fileEncoding = 4; lastKnownFileType = sourcecode.swift; path = Reachability.swift; sourceTree = "<group>"; };
		B3A55E512412588900121656 /* NetworkManager.swift */ = {isa = PBXFileReference; lastKnownFileType = sourcecode.swift; path = NetworkManager.swift; sourceTree = "<group>"; };
		B3A55E5424125A6500121656 /* PostsViewModel.swift */ = {isa = PBXFileReference; lastKnownFileType = sourcecode.swift; path = PostsViewModel.swift; sourceTree = "<group>"; };
		B3A55E5724125B8100121656 /* PostsModel.swift */ = {isa = PBXFileReference; lastKnownFileType = sourcecode.swift; path = PostsModel.swift; sourceTree = "<group>"; };
		B3A55E5924125E0B00121656 /* Helper.swift */ = {isa = PBXFileReference; lastKnownFileType = sourcecode.swift; path = Helper.swift; sourceTree = "<group>"; };
		B3A55E5C2412697600121656 /* ActivityIndicator.swift */ = {isa = PBXFileReference; lastKnownFileType = sourcecode.swift; path = ActivityIndicator.swift; sourceTree = "<group>"; };
		B3A55E5E24126A5D00121656 /* RefreshControl.swift */ = {isa = PBXFileReference; lastKnownFileType = sourcecode.swift; path = RefreshControl.swift; sourceTree = "<group>"; };
/* End PBXFileReference section */

/* Begin PBXFrameworksBuildPhase section */
		B3A55E0A2412524500121656 /* Frameworks */ = {
			isa = PBXFrameworksBuildPhase;
			buildActionMask = 2147483647;
			files = (
			);
			runOnlyForDeploymentPostprocessing = 0;
		};
		B3A55E202412524700121656 /* Frameworks */ = {
			isa = PBXFrameworksBuildPhase;
			buildActionMask = 2147483647;
			files = (
			);
			runOnlyForDeploymentPostprocessing = 0;
		};
		B3A55E2B2412524700121656 /* Frameworks */ = {
			isa = PBXFrameworksBuildPhase;
			buildActionMask = 2147483647;
			files = (
			);
			runOnlyForDeploymentPostprocessing = 0;
		};
/* End PBXFrameworksBuildPhase section */

/* Begin PBXGroup section */
		B3A55E042412524500121656 = {
			isa = PBXGroup;
			children = (
				B3A55E0F2412524500121656 /* EngineeringAiTask */,
				B3A55E262412524700121656 /* EngineeringAiTaskTests */,
				B3A55E312412524700121656 /* EngineeringAiTaskUITests */,
				B3A55E0E2412524500121656 /* Products */,
			);
			sourceTree = "<group>";
		};
		B3A55E0E2412524500121656 /* Products */ = {
			isa = PBXGroup;
			children = (
				B3A55E0D2412524500121656 /* EngineeringAiTask.app */,
				B3A55E232412524700121656 /* EngineeringAiTaskTests.xctest */,
				B3A55E2E2412524700121656 /* EngineeringAiTaskUITests.xctest */,
			);
			name = Products;
			sourceTree = "<group>";
		};
		B3A55E0F2412524500121656 /* EngineeringAiTask */ = {
			isa = PBXGroup;
			children = (
				B3A55E40241252E500121656 /* AppDelegate */,
				B3A55E5B2412694800121656 /* Singleton Classes */,
				B3A55E4B2412557C00121656 /* Common */,
				B3A55E4E2412582700121656 /* Network Layer */,
				B3A55E482412546B00121656 /* ServiceLayer */,
				B3A55E5624125B7200121656 /* Model */,
				B3A55E5324125A5300121656 /* ViewModel */,
				B3A55E41241252FD00121656 /* Views */,
				B3A55E162412524500121656 /* Main.storyboard */,
				B3A55E192412524700121656 /* Assets.xcassets */,
				B3A55E1B2412524700121656 /* LaunchScreen.storyboard */,
				B3A55E1E2412524700121656 /* Info.plist */,
			);
			path = EngineeringAiTask;
			sourceTree = "<group>";
		};
		B3A55E262412524700121656 /* EngineeringAiTaskTests */ = {
			isa = PBXGroup;
			children = (
				B3A55E272412524700121656 /* EngineeringAiTaskTests.swift */,
				B3A55E292412524700121656 /* Info.plist */,
			);
			path = EngineeringAiTaskTests;
			sourceTree = "<group>";
		};
		B3A55E312412524700121656 /* EngineeringAiTaskUITests */ = {
			isa = PBXGroup;
			children = (
				B3A55E322412524700121656 /* EngineeringAiTaskUITests.swift */,
				B3A55E342412524700121656 /* Info.plist */,
			);
			path = EngineeringAiTaskUITests;
			sourceTree = "<group>";
		};
		B3A55E40241252E500121656 /* AppDelegate */ = {
			isa = PBXGroup;
			children = (
				B3A55E102412524500121656 /* AppDelegate.swift */,
				B3A55E122412524500121656 /* SceneDelegate.swift */,
			);
			path = AppDelegate;
			sourceTree = "<group>";
		};
		B3A55E41241252FD00121656 /* Views */ = {
			isa = PBXGroup;
			children = (
				B3A55E422412532E00121656 /* PostsViewController.swift */,
				B3A55E442412535500121656 /* PostsCell.swift */,
				B3A55E452412535500121656 /* PostsCell.xib */,
			);
			path = Views;
			sourceTree = "<group>";
		};
		B3A55E482412546B00121656 /* ServiceLayer */ = {
			isa = PBXGroup;
			children = (
				B3A55E492412548600121656 /* ServiceManager.swift */,
			);
			path = ServiceLayer;
			sourceTree = "<group>";
		};
		B3A55E4B2412557C00121656 /* Common */ = {
			isa = PBXGroup;
			children = (
				B3A55E4C2412558A00121656 /* AppConstants.swift */,
				B3A55E5924125E0B00121656 /* Helper.swift */,
			);
			path = Common;
			sourceTree = "<group>";
		};
		B3A55E4E2412582700121656 /* Network Layer */ = {
			isa = PBXGroup;
			children = (
				B3A55E4F2412587600121656 /* Reachability.swift */,
				B3A55E512412588900121656 /* NetworkManager.swift */,
			);
			path = "Network Layer";
			sourceTree = "<group>";
		};
		B3A55E5324125A5300121656 /* ViewModel */ = {
			isa = PBXGroup;
			children = (
				B3A55E5424125A6500121656 /* PostsViewModel.swift */,
			);
			path = ViewModel;
			sourceTree = "<group>";
		};
		B3A55E5624125B7200121656 /* Model */ = {
			isa = PBXGroup;
			children = (
				B3A55E5724125B8100121656 /* PostsModel.swift */,
			);
			path = Model;
			sourceTree = "<group>";
		};
		B3A55E5B2412694800121656 /* Singleton Classes */ = {
			isa = PBXGroup;
			children = (
				B3A55E5C2412697600121656 /* ActivityIndicator.swift */,
				B3A55E5E24126A5D00121656 /* RefreshControl.swift */,
			);
			path = "Singleton Classes";
			sourceTree = "<group>";
		};
/* End PBXGroup section */

/* Begin PBXNativeTarget section */
		B3A55E0C2412524500121656 /* EngineeringAiTask */ = {
			isa = PBXNativeTarget;
			buildConfigurationList = B3A55E372412524700121656 /* Build configuration list for PBXNativeTarget "EngineeringAiTask" */;
			buildPhases = (
				B3A55E092412524500121656 /* Sources */,
				B3A55E0A2412524500121656 /* Frameworks */,
				B3A55E0B2412524500121656 /* Resources */,
			);
			buildRules = (
			);
			dependencies = (
			);
			name = EngineeringAiTask;
			productName = EngineeringAiTask;
			productReference = B3A55E0D2412524500121656 /* EngineeringAiTask.app */;
			productType = "com.apple.product-type.application";
		};
		B3A55E222412524700121656 /* EngineeringAiTaskTests */ = {
			isa = PBXNativeTarget;
			buildConfigurationList = B3A55E3A2412524700121656 /* Build configuration list for PBXNativeTarget "EngineeringAiTaskTests" */;
			buildPhases = (
				B3A55E1F2412524700121656 /* Sources */,
				B3A55E202412524700121656 /* Frameworks */,
				B3A55E212412524700121656 /* Resources */,
			);
			buildRules = (
			);
			dependencies = (
				B3A55E252412524700121656 /* PBXTargetDependency */,
			);
			name = EngineeringAiTaskTests;
			productName = EngineeringAiTaskTests;
			productReference = B3A55E232412524700121656 /* EngineeringAiTaskTests.xctest */;
			productType = "com.apple.product-type.bundle.unit-test";
		};
		B3A55E2D2412524700121656 /* EngineeringAiTaskUITests */ = {
			isa = PBXNativeTarget;
			buildConfigurationList = B3A55E3D2412524700121656 /* Build configuration list for PBXNativeTarget "EngineeringAiTaskUITests" */;
			buildPhases = (
				B3A55E2A2412524700121656 /* Sources */,
				B3A55E2B2412524700121656 /* Frameworks */,
				B3A55E2C2412524700121656 /* Resources */,
			);
			buildRules = (
			);
			dependencies = (
				B3A55E302412524700121656 /* PBXTargetDependency */,
			);
			name = EngineeringAiTaskUITests;
			productName = EngineeringAiTaskUITests;
			productReference = B3A55E2E2412524700121656 /* EngineeringAiTaskUITests.xctest */;
			productType = "com.apple.product-type.bundle.ui-testing";
		};
/* End PBXNativeTarget section */

/* Begin PBXProject section */
		B3A55E052412524500121656 /* Project object */ = {
			isa = PBXProject;
			attributes = {
				LastSwiftUpdateCheck = 1120;
				LastUpgradeCheck = 1120;
				ORGANIZATIONNAME = Ojas;
				TargetAttributes = {
					B3A55E0C2412524500121656 = {
						CreatedOnToolsVersion = 11.2.1;
					};
					B3A55E222412524700121656 = {
						CreatedOnToolsVersion = 11.2.1;
						TestTargetID = B3A55E0C2412524500121656;
					};
					B3A55E2D2412524700121656 = {
						CreatedOnToolsVersion = 11.2.1;
						TestTargetID = B3A55E0C2412524500121656;
					};
				};
			};
			buildConfigurationList = B3A55E082412524500121656 /* Build configuration list for PBXProject "EngineeringAiTask" */;
			compatibilityVersion = "Xcode 9.3";
			developmentRegion = en;
			hasScannedForEncodings = 0;
			knownRegions = (
				en,
				Base,
			);
			mainGroup = B3A55E042412524500121656;
			productRefGroup = B3A55E0E2412524500121656 /* Products */;
			projectDirPath = "";
			projectRoot = "";
			targets = (
				B3A55E0C2412524500121656 /* EngineeringAiTask */,
				B3A55E222412524700121656 /* EngineeringAiTaskTests */,
				B3A55E2D2412524700121656 /* EngineeringAiTaskUITests */,
			);
		};
/* End PBXProject section */

/* Begin PBXResourcesBuildPhase section */
		B3A55E0B2412524500121656 /* Resources */ = {
			isa = PBXResourcesBuildPhase;
			buildActionMask = 2147483647;
			files = (
				B3A55E1D2412524700121656 /* LaunchScreen.storyboard in Resources */,
				B3A55E1A2412524700121656 /* Assets.xcassets in Resources */,
				B3A55E182412524500121656 /* Main.storyboard in Resources */,
				B3A55E472412535500121656 /* PostsCell.xib in Resources */,
			);
			runOnlyForDeploymentPostprocessing = 0;
		};
		B3A55E212412524700121656 /* Resources */ = {
			isa = PBXResourcesBuildPhase;
			buildActionMask = 2147483647;
			files = (
			);
			runOnlyForDeploymentPostprocessing = 0;
		};
		B3A55E2C2412524700121656 /* Resources */ = {
			isa = PBXResourcesBuildPhase;
			buildActionMask = 2147483647;
			files = (
			);
			runOnlyForDeploymentPostprocessing = 0;
		};
/* End PBXResourcesBuildPhase section */

/* Begin PBXSourcesBuildPhase section */
		B3A55E092412524500121656 /* Sources */ = {
			isa = PBXSourcesBuildPhase;
			buildActionMask = 2147483647;
			files = (
				B3A55E5A24125E0B00121656 /* Helper.swift in Sources */,
				B3A55E502412587600121656 /* Reachability.swift in Sources */,
				B3A55E432412532E00121656 /* PostsViewController.swift in Sources */,
				B3A55E4D2412558A00121656 /* AppConstants.swift in Sources */,
				B3A55E5D2412697600121656 /* ActivityIndicator.swift in Sources */,
				B3A55E5F24126A5D00121656 /* RefreshControl.swift in Sources */,
				B3A55E5824125B8100121656 /* PostsModel.swift in Sources */,
				B3A55E112412524500121656 /* AppDelegate.swift in Sources */,
				B3A55E522412588900121656 /* NetworkManager.swift in Sources */,
				B3A55E5524125A6500121656 /* PostsViewModel.swift in Sources */,
				B3A55E132412524500121656 /* SceneDelegate.swift in Sources */,
				B3A55E462412535500121656 /* PostsCell.swift in Sources */,
				B3A55E4A2412548600121656 /* ServiceManager.swift in Sources */,
			);
			runOnlyForDeploymentPostprocessing = 0;
		};
		B3A55E1F2412524700121656 /* Sources */ = {
			isa = PBXSourcesBuildPhase;
			buildActionMask = 2147483647;
			files = (
				B3A55E282412524700121656 /* EngineeringAiTaskTests.swift in Sources */,
			);
			runOnlyForDeploymentPostprocessing = 0;
		};
		B3A55E2A2412524700121656 /* Sources */ = {
			isa = PBXSourcesBuildPhase;
			buildActionMask = 2147483647;
			files = (
				B3A55E332412524700121656 /* EngineeringAiTaskUITests.swift in Sources */,
			);
			runOnlyForDeploymentPostprocessing = 0;
		};
/* End PBXSourcesBuildPhase section */

/* Begin PBXTargetDependency section */
		B3A55E252412524700121656 /* PBXTargetDependency */ = {
			isa = PBXTargetDependency;
			target = B3A55E0C2412524500121656 /* EngineeringAiTask */;
			targetProxy = B3A55E242412524700121656 /* PBXContainerItemProxy */;
		};
		B3A55E302412524700121656 /* PBXTargetDependency */ = {
			isa = PBXTargetDependency;
			target = B3A55E0C2412524500121656 /* EngineeringAiTask */;
			targetProxy = B3A55E2F2412524700121656 /* PBXContainerItemProxy */;
		};
/* End PBXTargetDependency section */

/* Begin PBXVariantGroup section */
		B3A55E162412524500121656 /* Main.storyboard */ = {
			isa = PBXVariantGroup;
			children = (
				B3A55E172412524500121656 /* Base */,
			);
			name = Main.storyboard;
			sourceTree = "<group>";
		};
		B3A55E1B2412524700121656 /* LaunchScreen.storyboard */ = {
			isa = PBXVariantGroup;
			children = (
				B3A55E1C2412524700121656 /* Base */,
			);
			name = LaunchScreen.storyboard;
			sourceTree = "<group>";
		};
/* End PBXVariantGroup section */

/* Begin XCBuildConfiguration section */
		B3A55E352412524700121656 /* Debug */ = {
			isa = XCBuildConfiguration;
			buildSettings = {
				ALWAYS_SEARCH_USER_PATHS = NO;
				CLANG_ANALYZER_NONNULL = YES;
				CLANG_ANALYZER_NUMBER_OBJECT_CONVERSION = YES_AGGRESSIVE;
				CLANG_CXX_LANGUAGE_STANDARD = "gnu++14";
				CLANG_CXX_LIBRARY = "libc++";
				CLANG_ENABLE_MODULES = YES;
				CLANG_ENABLE_OBJC_ARC = YES;
				CLANG_ENABLE_OBJC_WEAK = YES;
				CLANG_WARN_BLOCK_CAPTURE_AUTORELEASING = YES;
				CLANG_WARN_BOOL_CONVERSION = YES;
				CLANG_WARN_COMMA = YES;
				CLANG_WARN_CONSTANT_CONVERSION = YES;
				CLANG_WARN_DEPRECATED_OBJC_IMPLEMENTATIONS = YES;
				CLANG_WARN_DIRECT_OBJC_ISA_USAGE = YES_ERROR;
				CLANG_WARN_DOCUMENTATION_COMMENTS = YES;
				CLANG_WARN_EMPTY_BODY = YES;
				CLANG_WARN_ENUM_CONVERSION = YES;
				CLANG_WARN_INFINITE_RECURSION = YES;
				CLANG_WARN_INT_CONVERSION = YES;
				CLANG_WARN_NON_LITERAL_NULL_CONVERSION = YES;
				CLANG_WARN_OBJC_IMPLICIT_RETAIN_SELF = YES;
				CLANG_WARN_OBJC_LITERAL_CONVERSION = YES;
				CLANG_WARN_OBJC_ROOT_CLASS = YES_ERROR;
				CLANG_WARN_RANGE_LOOP_ANALYSIS = YES;
				CLANG_WARN_STRICT_PROTOTYPES = YES;
				CLANG_WARN_SUSPICIOUS_MOVE = YES;
				CLANG_WARN_UNGUARDED_AVAILABILITY = YES_AGGRESSIVE;
				CLANG_WARN_UNREACHABLE_CODE = YES;
				CLANG_WARN__DUPLICATE_METHOD_MATCH = YES;
				COPY_PHASE_STRIP = NO;
				DEBUG_INFORMATION_FORMAT = dwarf;
				ENABLE_STRICT_OBJC_MSGSEND = YES;
				ENABLE_TESTABILITY = YES;
				GCC_C_LANGUAGE_STANDARD = gnu11;
				GCC_DYNAMIC_NO_PIC = NO;
				GCC_NO_COMMON_BLOCKS = YES;
				GCC_OPTIMIZATION_LEVEL = 0;
				GCC_PREPROCESSOR_DEFINITIONS = (
					"DEBUG=1",
					"$(inherited)",
				);
				GCC_WARN_64_TO_32_BIT_CONVERSION = YES;
				GCC_WARN_ABOUT_RETURN_TYPE = YES_ERROR;
				GCC_WARN_UNDECLARED_SELECTOR = YES;
				GCC_WARN_UNINITIALIZED_AUTOS = YES_AGGRESSIVE;
				GCC_WARN_UNUSED_FUNCTION = YES;
				GCC_WARN_UNUSED_VARIABLE = YES;
				IPHONEOS_DEPLOYMENT_TARGET = 13.2;
				MTL_ENABLE_DEBUG_INFO = INCLUDE_SOURCE;
				MTL_FAST_MATH = YES;
				ONLY_ACTIVE_ARCH = YES;
				SDKROOT = iphoneos;
				SWIFT_ACTIVE_COMPILATION_CONDITIONS = DEBUG;
				SWIFT_OPTIMIZATION_LEVEL = "-Onone";
			};
			name = Debug;
		};
		B3A55E362412524700121656 /* Release */ = {
			isa = XCBuildConfiguration;
			buildSettings = {
				ALWAYS_SEARCH_USER_PATHS = NO;
				CLANG_ANALYZER_NONNULL = YES;
				CLANG_ANALYZER_NUMBER_OBJECT_CONVERSION = YES_AGGRESSIVE;
				CLANG_CXX_LANGUAGE_STANDARD = "gnu++14";
				CLANG_CXX_LIBRARY = "libc++";
				CLANG_ENABLE_MODULES = YES;
				CLANG_ENABLE_OBJC_ARC = YES;
				CLANG_ENABLE_OBJC_WEAK = YES;
				CLANG_WARN_BLOCK_CAPTURE_AUTORELEASING = YES;
				CLANG_WARN_BOOL_CONVERSION = YES;
				CLANG_WARN_COMMA = YES;
				CLANG_WARN_CONSTANT_CONVERSION = YES;
				CLANG_WARN_DEPRECATED_OBJC_IMPLEMENTATIONS = YES;
				CLANG_WARN_DIRECT_OBJC_ISA_USAGE = YES_ERROR;
				CLANG_WARN_DOCUMENTATION_COMMENTS = YES;
				CLANG_WARN_EMPTY_BODY = YES;
				CLANG_WARN_ENUM_CONVERSION = YES;
				CLANG_WARN_INFINITE_RECURSION = YES;
				CLANG_WARN_INT_CONVERSION = YES;
				CLANG_WARN_NON_LITERAL_NULL_CONVERSION = YES;
				CLANG_WARN_OBJC_IMPLICIT_RETAIN_SELF = YES;
				CLANG_WARN_OBJC_LITERAL_CONVERSION = YES;
				CLANG_WARN_OBJC_ROOT_CLASS = YES_ERROR;
				CLANG_WARN_RANGE_LOOP_ANALYSIS = YES;
				CLANG_WARN_STRICT_PROTOTYPES = YES;
				CLANG_WARN_SUSPICIOUS_MOVE = YES;
				CLANG_WARN_UNGUARDED_AVAILABILITY = YES_AGGRESSIVE;
				CLANG_WARN_UNREACHABLE_CODE = YES;
				CLANG_WARN__DUPLICATE_METHOD_MATCH = YES;
				COPY_PHASE_STRIP = NO;
				DEBUG_INFORMATION_FORMAT = "dwarf-with-dsym";
				ENABLE_NS_ASSERTIONS = NO;
				ENABLE_STRICT_OBJC_MSGSEND = YES;
				GCC_C_LANGUAGE_STANDARD = gnu11;
				GCC_NO_COMMON_BLOCKS = YES;
				GCC_WARN_64_TO_32_BIT_CONVERSION = YES;
				GCC_WARN_ABOUT_RETURN_TYPE = YES_ERROR;
				GCC_WARN_UNDECLARED_SELECTOR = YES;
				GCC_WARN_UNINITIALIZED_AUTOS = YES_AGGRESSIVE;
				GCC_WARN_UNUSED_FUNCTION = YES;
				GCC_WARN_UNUSED_VARIABLE = YES;
				IPHONEOS_DEPLOYMENT_TARGET = 13.2;
				MTL_ENABLE_DEBUG_INFO = NO;
				MTL_FAST_MATH = YES;
				SDKROOT = iphoneos;
				SWIFT_COMPILATION_MODE = wholemodule;
				SWIFT_OPTIMIZATION_LEVEL = "-O";
				VALIDATE_PRODUCT = YES;
			};
			name = Release;
		};
		B3A55E382412524700121656 /* Debug */ = {
			isa = XCBuildConfiguration;
			buildSettings = {
				ASSETCATALOG_COMPILER_APPICON_NAME = AppIcon;
				CODE_SIGN_STYLE = Automatic;
				INFOPLIST_FILE = EngineeringAiTask/Info.plist;
				LD_RUNPATH_SEARCH_PATHS = (
					"$(inherited)",
					"@executable_path/Frameworks",
				);
				PRODUCT_BUNDLE_IDENTIFIER = Ojas.EngineeringAiTask;
				PRODUCT_NAME = "$(TARGET_NAME)";
				SWIFT_VERSION = 5.0;
				TARGETED_DEVICE_FAMILY = "1,2";
			};
			name = Debug;
		};
		B3A55E392412524700121656 /* Release */ = {
			isa = XCBuildConfiguration;
			buildSettings = {
				ASSETCATALOG_COMPILER_APPICON_NAME = AppIcon;
				CODE_SIGN_STYLE = Automatic;
				INFOPLIST_FILE = EngineeringAiTask/Info.plist;
				LD_RUNPATH_SEARCH_PATHS = (
					"$(inherited)",
					"@executable_path/Frameworks",
				);
				PRODUCT_BUNDLE_IDENTIFIER = Ojas.EngineeringAiTask;
				PRODUCT_NAME = "$(TARGET_NAME)";
				SWIFT_VERSION = 5.0;
				TARGETED_DEVICE_FAMILY = "1,2";
			};
			name = Release;
		};
		B3A55E3B2412524700121656 /* Debug */ = {
			isa = XCBuildConfiguration;
			buildSettings = {
				ALWAYS_EMBED_SWIFT_STANDARD_LIBRARIES = YES;
				BUNDLE_LOADER = "$(TEST_HOST)";
				CODE_SIGN_STYLE = Automatic;
				INFOPLIST_FILE = EngineeringAiTaskTests/Info.plist;
				IPHONEOS_DEPLOYMENT_TARGET = 13.2;
				LD_RUNPATH_SEARCH_PATHS = (
					"$(inherited)",
					"@executable_path/Frameworks",
					"@loader_path/Frameworks",
				);
				PRODUCT_BUNDLE_IDENTIFIER = Ojas.EngineeringAiTaskTests;
				PRODUCT_NAME = "$(TARGET_NAME)";
				SWIFT_VERSION = 5.0;
				TARGETED_DEVICE_FAMILY = "1,2";
				TEST_HOST = "$(BUILT_PRODUCTS_DIR)/EngineeringAiTask.app/EngineeringAiTask";
			};
			name = Debug;
		};
		B3A55E3C2412524700121656 /* Release */ = {
			isa = XCBuildConfiguration;
			buildSettings = {
				ALWAYS_EMBED_SWIFT_STANDARD_LIBRARIES = YES;
				BUNDLE_LOADER = "$(TEST_HOST)";
				CODE_SIGN_STYLE = Automatic;
				INFOPLIST_FILE = EngineeringAiTaskTests/Info.plist;
				IPHONEOS_DEPLOYMENT_TARGET = 13.2;
				LD_RUNPATH_SEARCH_PATHS = (
					"$(inherited)",
					"@executable_path/Frameworks",
					"@loader_path/Frameworks",
				);
				PRODUCT_BUNDLE_IDENTIFIER = Ojas.EngineeringAiTaskTests;
				PRODUCT_NAME = "$(TARGET_NAME)";
				SWIFT_VERSION = 5.0;
				TARGETED_DEVICE_FAMILY = "1,2";
				TEST_HOST = "$(BUILT_PRODUCTS_DIR)/EngineeringAiTask.app/EngineeringAiTask";
			};
			name = Release;
		};
		B3A55E3E2412524700121656 /* Debug */ = {
			isa = XCBuildConfiguration;
			buildSettings = {
				ALWAYS_EMBED_SWIFT_STANDARD_LIBRARIES = YES;
				CODE_SIGN_STYLE = Automatic;
				INFOPLIST_FILE = EngineeringAiTaskUITests/Info.plist;
				LD_RUNPATH_SEARCH_PATHS = (
					"$(inherited)",
					"@executable_path/Frameworks",
					"@loader_path/Frameworks",
				);
				PRODUCT_BUNDLE_IDENTIFIER = Ojas.EngineeringAiTaskUITests;
				PRODUCT_NAME = "$(TARGET_NAME)";
				SWIFT_VERSION = 5.0;
				TARGETED_DEVICE_FAMILY = "1,2";
				TEST_TARGET_NAME = EngineeringAiTask;
			};
			name = Debug;
		};
		B3A55E3F2412524700121656 /* Release */ = {
			isa = XCBuildConfiguration;
			buildSettings = {
				ALWAYS_EMBED_SWIFT_STANDARD_LIBRARIES = YES;
				CODE_SIGN_STYLE = Automatic;
				INFOPLIST_FILE = EngineeringAiTaskUITests/Info.plist;
				LD_RUNPATH_SEARCH_PATHS = (
					"$(inherited)",
					"@executable_path/Frameworks",
					"@loader_path/Frameworks",
				);
				PRODUCT_BUNDLE_IDENTIFIER = Ojas.EngineeringAiTaskUITests;
				PRODUCT_NAME = "$(TARGET_NAME)";
				SWIFT_VERSION = 5.0;
				TARGETED_DEVICE_FAMILY = "1,2";
				TEST_TARGET_NAME = EngineeringAiTask;
			};
			name = Release;
		};
/* End XCBuildConfiguration section */

/* Begin XCConfigurationList section */
		B3A55E082412524500121656 /* Build configuration list for PBXProject "EngineeringAiTask" */ = {
			isa = XCConfigurationList;
			buildConfigurations = (
				B3A55E352412524700121656 /* Debug */,
				B3A55E362412524700121656 /* Release */,
			);
			defaultConfigurationIsVisible = 0;
			defaultConfigurationName = Release;
		};
		B3A55E372412524700121656 /* Build configuration list for PBXNativeTarget "EngineeringAiTask" */ = {
			isa = XCConfigurationList;
			buildConfigurations = (
				B3A55E382412524700121656 /* Debug */,
				B3A55E392412524700121656 /* Release */,
			);
			defaultConfigurationIsVisible = 0;
			defaultConfigurationName = Release;
		};
		B3A55E3A2412524700121656 /* Build configuration list for PBXNativeTarget "EngineeringAiTaskTests" */ = {
			isa = XCConfigurationList;
			buildConfigurations = (
				B3A55E3B2412524700121656 /* Debug */,
				B3A55E3C2412524700121656 /* Release */,
			);
			defaultConfigurationIsVisible = 0;
			defaultConfigurationName = Release;
		};
		B3A55E3D2412524700121656 /* Build configuration list for PBXNativeTarget "EngineeringAiTaskUITests" */ = {
			isa = XCConfigurationList;
			buildConfigurations = (
				B3A55E3E2412524700121656 /* Debug */,
				B3A55E3F2412524700121656 /* Release */,
			);
			defaultConfigurationIsVisible = 0;
			defaultConfigurationName = Release;
		};
/* End XCConfigurationList section */
	};
	rootObject = B3A55E052412524500121656 /* Project object */;
}
